PODS:
  - ChameleonFramework/Default (2.1.0)
  - ChameleonFramework/Swift (2.1.0):
    - ChameleonFramework/Default
  - Realm (10.32.2):
    - Realm/Headers (= 10.32.2)
  - Realm/Headers (10.32.2)
  - RealmSwift (10.32.2):
    - Realm (= 10.32.2)
  - SwipeCellKit (2.7.1)

DEPENDENCIES:
  - ChameleonFramework/Swift (from `https://github.com/luckychris/Chameleon.git`)
  - RealmSwift (~> 10)
  - SwipeCellKit

SPEC REPOS:
  trunk:
    - Realm
    - RealmSwift
    - SwipeCellKit

EXTERNAL SOURCES:
  ChameleonFramework:
    :git: https://github.com/luckychris/Chameleon.git

CHECKOUT OPTIONS:
  ChameleonFramework:
    :commit: 347fcaa815f60281f9fbd32620c42d384dfc9b44
    :git: https://github.com/luckychris/Chameleon.git

SPEC CHECKSUMS:
  ChameleonFramework: d21a3cc247abfe5e37609a283a8238b03575cf64
  Realm: a11d133606e898ee43ddd3c24050a382c8d3eab1
  RealmSwift: f796f7701a5efa031554d5639ef5b2d4c850bc74
  SwipeCellKit: 3972254a826da74609926daf59b08d6c72e619ea

PODFILE CHECKSUM: 51a686eae24139da26d7e91d2e50613d4f5f6191

COCOAPODS: 1.11.3
